// !$*UTF8*$!
{
	archiveVersion = 1;
	classes = {
	};
	objectVersion = 50;
	objects = {

/* Begin PBXBuildFile section */
		CFC3FB6D24C606B100763C9E /* AppDelegate.swift in Sources */ = {isa = PBXBuildFile; fileRef = CFC3FB6C24C606B100763C9E /* AppDelegate.swift */; };
		CFC3FB6F24C606B100763C9E /* SceneDelegate.swift in Sources */ = {isa = PBXBuildFile; fileRef = CFC3FB6E24C606B100763C9E /* SceneDelegate.swift */; };
		CFC3FB7124C606B100763C9E /* ContentView.swift in Sources */ = {isa = PBXBuildFile; fileRef = CFC3FB7024C606B100763C9E /* ContentView.swift */; };
		CFC3FB7324C606B300763C9E /* Assets.xcassets in Resources */ = {isa = PBXBuildFile; fileRef = CFC3FB7224C606B300763C9E /* Assets.xcassets */; };
		CFC3FB7624C606B300763C9E /* Preview Assets.xcassets in Resources */ = {isa = PBXBuildFile; fileRef = CFC3FB7524C606B300763C9E /* Preview Assets.xcassets */; };
		CFC3FB7924C606B300763C9E /* LaunchScreen.storyboard in Resources */ = {isa = PBXBuildFile; fileRef = CFC3FB7724C606B300763C9E /* LaunchScreen.storyboard */; };
		CFC3FB8424C606B300763C9E /* CICDTestTests.swift in Sources */ = {isa = PBXBuildFile; fileRef = CFC3FB8324C606B300763C9E /* CICDTestTests.swift */; };
		CFC3FB8F24C606B300763C9E /* CICDTestUITests.swift in Sources */ = {isa = PBXBuildFile; fileRef = CFC3FB8E24C606B300763C9E /* CICDTestUITests.swift */; };
/* End PBXBuildFile section */

/* Begin PBXContainerItemProxy section */
		CFC3FB8024C606B300763C9E /* PBXContainerItemProxy */ = {
			isa = PBXContainerItemProxy;
			containerPortal = CFC3FB6124C606B100763C9E /* Project object */;
			proxyType = 1;
			remoteGlobalIDString = CFC3FB6824C606B100763C9E;
			remoteInfo = CICDTest;
		};
		CFC3FB8B24C606B300763C9E /* PBXContainerItemProxy */ = {
			isa = PBXContainerItemProxy;
			containerPortal = CFC3FB6124C606B100763C9E /* Project object */;
			proxyType = 1;
			remoteGlobalIDString = CFC3FB6824C606B100763C9E;
			remoteInfo = CICDTest;
		};
/* End PBXContainerItemProxy section */

/* Begin PBXFileReference section */
		CFC3FB6924C606B100763C9E /* CICDTest.app */ = {isa = PBXFileReference; explicitFileType = wrapper.application; includeInIndex = 0; path = CICDTest.app; sourceTree = BUILT_PRODUCTS_DIR; };
		CFC3FB6C24C606B100763C9E /* AppDelegate.swift */ = {isa = PBXFileReference; lastKnownFileType = sourcecode.swift; path = AppDelegate.swift; sourceTree = "<group>"; };
		CFC3FB6E24C606B100763C9E /* SceneDelegate.swift */ = {isa = PBXFileReference; lastKnownFileType = sourcecode.swift; path = SceneDelegate.swift; sourceTree = "<group>"; };
		CFC3FB7024C606B100763C9E /* ContentView.swift */ = {isa = PBXFileReference; lastKnownFileType = sourcecode.swift; path = ContentView.swift; sourceTree = "<group>"; };
		CFC3FB7224C606B300763C9E /* Assets.xcassets */ = {isa = PBXFileReference; lastKnownFileType = folder.assetcatalog; path = Assets.xcassets; sourceTree = "<group>"; };
		CFC3FB7524C606B300763C9E /* Preview Assets.xcassets */ = {isa = PBXFileReference; lastKnownFileType = folder.assetcatalog; path = "Preview Assets.xcassets"; sourceTree = "<group>"; };
		CFC3FB7824C606B300763C9E /* Base */ = {isa = PBXFileReference; lastKnownFileType = file.storyboard; name = Base; path = Base.lproj/LaunchScreen.storyboard; sourceTree = "<group>"; };
		CFC3FB7A24C606B300763C9E /* Info.plist */ = {isa = PBXFileReference; lastKnownFileType = text.plist.xml; path = Info.plist; sourceTree = "<group>"; };
		CFC3FB7F24C606B300763C9E /* CICDTestTests.xctest */ = {isa = PBXFileReference; explicitFileType = wrapper.cfbundle; includeInIndex = 0; path = CICDTestTests.xctest; sourceTree = BUILT_PRODUCTS_DIR; };
		CFC3FB8324C606B300763C9E /* CICDTestTests.swift */ = {isa = PBXFileReference; lastKnownFileType = sourcecode.swift; path = CICDTestTests.swift; sourceTree = "<group>"; };
		CFC3FB8524C606B300763C9E /* Info.plist */ = {isa = PBXFileReference; lastKnownFileType = text.plist.xml; path = Info.plist; sourceTree = "<group>"; };
		CFC3FB8A24C606B300763C9E /* CICDTestUITests.xctest */ = {isa = PBXFileReference; explicitFileType = wrapper.cfbundle; includeInIndex = 0; path = CICDTestUITests.xctest; sourceTree = BUILT_PRODUCTS_DIR; };
		CFC3FB8E24C606B300763C9E /* CICDTestUITests.swift */ = {isa = PBXFileReference; lastKnownFileType = sourcecode.swift; path = CICDTestUITests.swift; sourceTree = "<group>"; };
		CFC3FB9024C606B300763C9E /* Info.plist */ = {isa = PBXFileReference; lastKnownFileType = text.plist.xml; path = Info.plist; sourceTree = "<group>"; };
/* End PBXFileReference section */

/* Begin PBXFrameworksBuildPhase section */
		CFC3FB6624C606B100763C9E /* Frameworks */ = {
			isa = PBXFrameworksBuildPhase;
			buildActionMask = 2147483647;
			files = (
			);
			runOnlyForDeploymentPostprocessing = 0;
		};
		CFC3FB7C24C606B300763C9E /* Frameworks */ = {
			isa = PBXFrameworksBuildPhase;
			buildActionMask = 2147483647;
			files = (
			);
			runOnlyForDeploymentPostprocessing = 0;
		};
		CFC3FB8724C606B300763C9E /* Frameworks */ = {
			isa = PBXFrameworksBuildPhase;
			buildActionMask = 2147483647;
			files = (
			);
			runOnlyForDeploymentPostprocessing = 0;
		};
/* End PBXFrameworksBuildPhase section */

/* Begin PBXGroup section */
		CFC3FB6024C606B100763C9E = {
			isa = PBXGroup;
			children = (
				CFC3FB6B24C606B100763C9E /* CICDTest */,
				CFC3FB8224C606B300763C9E /* CICDTestTests */,
				CFC3FB8D24C606B300763C9E /* CICDTestUITests */,
				CFC3FB6A24C606B100763C9E /* Products */,
			);
			sourceTree = "<group>";
		};
		CFC3FB6A24C606B100763C9E /* Products */ = {
			isa = PBXGroup;
			children = (
				CFC3FB6924C606B100763C9E /* CICDTest.app */,
				CFC3FB7F24C606B300763C9E /* CICDTestTests.xctest */,
				CFC3FB8A24C606B300763C9E /* CICDTestUITests.xctest */,
			);
			name = Products;
			sourceTree = "<group>";
		};
		CFC3FB6B24C606B100763C9E /* CICDTest */ = {
			isa = PBXGroup;
			children = (
				CFC3FB6C24C606B100763C9E /* AppDelegate.swift */,
				CFC3FB6E24C606B100763C9E /* SceneDelegate.swift */,
				CFC3FB7024C606B100763C9E /* ContentView.swift */,
				CFC3FB7224C606B300763C9E /* Assets.xcassets */,
				CFC3FB7724C606B300763C9E /* LaunchScreen.storyboard */,
				CFC3FB7A24C606B300763C9E /* Info.plist */,
				CFC3FB7424C606B300763C9E /* Preview Content */,
			);
			path = CICDTest;
			sourceTree = "<group>";
		};
		CFC3FB7424C606B300763C9E /* Preview Content */ = {
			isa = PBXGroup;
			children = (
				CFC3FB7524C606B300763C9E /* Preview Assets.xcassets */,
			);
			path = "Preview Content";
			sourceTree = "<group>";
		};
		CFC3FB8224C606B300763C9E /* CICDTestTests */ = {
			isa = PBXGroup;
			children = (
				CFC3FB8324C606B300763C9E /* CICDTestTests.swift */,
				CFC3FB8524C606B300763C9E /* Info.plist */,
			);
			path = CICDTestTests;
			sourceTree = "<group>";
		};
		CFC3FB8D24C606B300763C9E /* CICDTestUITests */ = {
			isa = PBXGroup;
			children = (
				CFC3FB8E24C606B300763C9E /* CICDTestUITests.swift */,
				CFC3FB9024C606B300763C9E /* Info.plist */,
			);
			path = CICDTestUITests;
			sourceTree = "<group>";
		};
/* End PBXGroup section */

/* Begin PBXNativeTarget section */
		CFC3FB6824C606B100763C9E /* CICDTest */ = {
			isa = PBXNativeTarget;
			buildConfigurationList = CFC3FB9324C606B300763C9E /* Build configuration list for PBXNativeTarget "CICDTest" */;
			buildPhases = (
				CFC3FB6524C606B100763C9E /* Sources */,
				CFC3FB6624C606B100763C9E /* Frameworks */,
				CFC3FB6724C606B100763C9E /* Resources */,
			);
			buildRules = (
			);
			dependencies = (
			);
			name = CICDTest;
			productName = CICDTest;
			productReference = CFC3FB6924C606B100763C9E /* CICDTest.app */;
			productType = "com.apple.product-type.application";
		};
		CFC3FB7E24C606B300763C9E /* CICDTestTests */ = {
			isa = PBXNativeTarget;
			buildConfigurationList = CFC3FB9624C606B300763C9E /* Build configuration list for PBXNativeTarget "CICDTestTests" */;
			buildPhases = (
				CFC3FB7B24C606B300763C9E /* Sources */,
				CFC3FB7C24C606B300763C9E /* Frameworks */,
				CFC3FB7D24C606B300763C9E /* Resources */,
			);
			buildRules = (
			);
			dependencies = (
				CFC3FB8124C606B300763C9E /* PBXTargetDependency */,
			);
			name = CICDTestTests;
			productName = CICDTestTests;
			productReference = CFC3FB7F24C606B300763C9E /* CICDTestTests.xctest */;
			productType = "com.apple.product-type.bundle.unit-test";
		};
		CFC3FB8924C606B300763C9E /* CICDTestUITests */ = {
			isa = PBXNativeTarget;
			buildConfigurationList = CFC3FB9924C606B300763C9E /* Build configuration list for PBXNativeTarget "CICDTestUITests" */;
			buildPhases = (
				CFC3FB8624C606B300763C9E /* Sources */,
				CFC3FB8724C606B300763C9E /* Frameworks */,
				CFC3FB8824C606B300763C9E /* Resources */,
			);
			buildRules = (
			);
			dependencies = (
				CFC3FB8C24C606B300763C9E /* PBXTargetDependency */,
			);
			name = CICDTestUITests;
			productName = CICDTestUITests;
			productReference = CFC3FB8A24C606B300763C9E /* CICDTestUITests.xctest */;
			productType = "com.apple.product-type.bundle.ui-testing";
		};
/* End PBXNativeTarget section */

/* Begin PBXProject section */
		CFC3FB6124C606B100763C9E /* Project object */ = {
			isa = PBXProject;
			attributes = {
				LastSwiftUpdateCheck = 1160;
				LastUpgradeCheck = 1160;
				ORGANIZATIONNAME = Tealium;
				TargetAttributes = {
					CFC3FB6824C606B100763C9E = {
						CreatedOnToolsVersion = 11.6;
					};
					CFC3FB7E24C606B300763C9E = {
						CreatedOnToolsVersion = 11.6;
						TestTargetID = CFC3FB6824C606B100763C9E;
					};
					CFC3FB8924C606B300763C9E = {
						CreatedOnToolsVersion = 11.6;
						TestTargetID = CFC3FB6824C606B100763C9E;
					};
				};
			};
			buildConfigurationList = CFC3FB6424C606B100763C9E /* Build configuration list for PBXProject "CICDTest" */;
			compatibilityVersion = "Xcode 9.3";
			developmentRegion = en;
			hasScannedForEncodings = 0;
			knownRegions = (
				en,
				Base,
			);
			mainGroup = CFC3FB6024C606B100763C9E;
			productRefGroup = CFC3FB6A24C606B100763C9E /* Products */;
			projectDirPath = "";
			projectRoot = "";
			targets = (
				CFC3FB6824C606B100763C9E /* CICDTest */,
				CFC3FB7E24C606B300763C9E /* CICDTestTests */,
				CFC3FB8924C606B300763C9E /* CICDTestUITests */,
			);
		};
/* End PBXProject section */

/* Begin PBXResourcesBuildPhase section */
		CFC3FB6724C606B100763C9E /* Resources */ = {
			isa = PBXResourcesBuildPhase;
			buildActionMask = 2147483647;
			files = (
				CFC3FB7924C606B300763C9E /* LaunchScreen.storyboard in Resources */,
				CFC3FB7624C606B300763C9E /* Preview Assets.xcassets in Resources */,
				CFC3FB7324C606B300763C9E /* Assets.xcassets in Resources */,
			);
			runOnlyForDeploymentPostprocessing = 0;
		};
		CFC3FB7D24C606B300763C9E /* Resources */ = {
			isa = PBXResourcesBuildPhase;
			buildActionMask = 2147483647;
			files = (
			);
			runOnlyForDeploymentPostprocessing = 0;
		};
		CFC3FB8824C606B300763C9E /* Resources */ = {
			isa = PBXResourcesBuildPhase;
			buildActionMask = 2147483647;
			files = (
			);
			runOnlyForDeploymentPostprocessing = 0;
		};
/* End PBXResourcesBuildPhase section */

/* Begin PBXSourcesBuildPhase section */
		CFC3FB6524C606B100763C9E /* Sources */ = {
			isa = PBXSourcesBuildPhase;
			buildActionMask = 2147483647;
			files = (
				CFC3FB6D24C606B100763C9E /* AppDelegate.swift in Sources */,
				CFC3FB6F24C606B100763C9E /* SceneDelegate.swift in Sources */,
				CFC3FB7124C606B100763C9E /* ContentView.swift in Sources */,
			);
			runOnlyForDeploymentPostprocessing = 0;
		};
		CFC3FB7B24C606B300763C9E /* Sources */ = {
			isa = PBXSourcesBuildPhase;
			buildActionMask = 2147483647;
			files = (
				CFC3FB8424C606B300763C9E /* CICDTestTests.swift in Sources */,
			);
			runOnlyForDeploymentPostprocessing = 0;
		};
		CFC3FB8624C606B300763C9E /* Sources */ = {
			isa = PBXSourcesBuildPhase;
			buildActionMask = 2147483647;
			files = (
				CFC3FB8F24C606B300763C9E /* CICDTestUITests.swift in Sources */,
			);
			runOnlyForDeploymentPostprocessing = 0;
		};
/* End PBXSourcesBuildPhase section */

/* Begin PBXTargetDependency section */
		CFC3FB8124C606B300763C9E /* PBXTargetDependency */ = {
			isa = PBXTargetDependency;
			target = CFC3FB6824C606B100763C9E /* CICDTest */;
			targetProxy = CFC3FB8024C606B300763C9E /* PBXContainerItemProxy */;
		};
		CFC3FB8C24C606B300763C9E /* PBXTargetDependency */ = {
			isa = PBXTargetDependency;
			target = CFC3FB6824C606B100763C9E /* CICDTest */;
			targetProxy = CFC3FB8B24C606B300763C9E /* PBXContainerItemProxy */;
		};
/* End PBXTargetDependency section */

/* Begin PBXVariantGroup section */
		CFC3FB7724C606B300763C9E /* LaunchScreen.storyboard */ = {
			isa = PBXVariantGroup;
			children = (
				CFC3FB7824C606B300763C9E /* Base */,
			);
			name = LaunchScreen.storyboard;
			sourceTree = "<group>";
		};
/* End PBXVariantGroup section */

/* Begin XCBuildConfiguration section */
		CFC3FB9124C606B300763C9E /* Debug */ = {
			isa = XCBuildConfiguration;
			buildSettings = {
				ALWAYS_SEARCH_USER_PATHS = NO;
				CLANG_ANALYZER_NONNULL = YES;
				CLANG_ANALYZER_NUMBER_OBJECT_CONVERSION = YES_AGGRESSIVE;
				CLANG_CXX_LANGUAGE_STANDARD = "gnu++14";
				CLANG_CXX_LIBRARY = "libc++";
				CLANG_ENABLE_MODULES = YES;
				CLANG_ENABLE_OBJC_ARC = YES;
				CLANG_ENABLE_OBJC_WEAK = YES;
				CLANG_WARN_BLOCK_CAPTURE_AUTORELEASING = YES;
				CLANG_WARN_BOOL_CONVERSION = YES;
				CLANG_WARN_COMMA = YES;
				CLANG_WARN_CONSTANT_CONVERSION = YES;
				CLANG_WARN_DEPRECATED_OBJC_IMPLEMENTATIONS = YES;
				CLANG_WARN_DIRECT_OBJC_ISA_USAGE = YES_ERROR;
				CLANG_WARN_DOCUMENTATION_COMMENTS = YES;
				CLANG_WARN_EMPTY_BODY = YES;
				CLANG_WARN_ENUM_CONVERSION = YES;
				CLANG_WARN_INFINITE_RECURSION = YES;
				CLANG_WARN_INT_CONVERSION = YES;
				CLANG_WARN_NON_LITERAL_NULL_CONVERSION = YES;
				CLANG_WARN_OBJC_IMPLICIT_RETAIN_SELF = YES;
				CLANG_WARN_OBJC_LITERAL_CONVERSION = YES;
				CLANG_WARN_OBJC_ROOT_CLASS = YES_ERROR;
				CLANG_WARN_RANGE_LOOP_ANALYSIS = YES;
				CLANG_WARN_STRICT_PROTOTYPES = YES;
				CLANG_WARN_SUSPICIOUS_MOVE = YES;
				CLANG_WARN_UNGUARDED_AVAILABILITY = YES_AGGRESSIVE;
				CLANG_WARN_UNREACHABLE_CODE = YES;
				CLANG_WARN__DUPLICATE_METHOD_MATCH = YES;
				COPY_PHASE_STRIP = NO;
				DEBUG_INFORMATION_FORMAT = dwarf;
				ENABLE_STRICT_OBJC_MSGSEND = YES;
				ENABLE_TESTABILITY = YES;
				GCC_C_LANGUAGE_STANDARD = gnu11;
				GCC_DYNAMIC_NO_PIC = NO;
				GCC_NO_COMMON_BLOCKS = YES;
				GCC_OPTIMIZATION_LEVEL = 0;
				GCC_PREPROCESSOR_DEFINITIONS = (
					"DEBUG=1",
					"$(inherited)",
				);
				GCC_WARN_64_TO_32_BIT_CONVERSION = YES;
				GCC_WARN_ABOUT_RETURN_TYPE = YES_ERROR;
				GCC_WARN_UNDECLARED_SELECTOR = YES;
				GCC_WARN_UNINITIALIZED_AUTOS = YES_AGGRESSIVE;
				GCC_WARN_UNUSED_FUNCTION = YES;
				GCC_WARN_UNUSED_VARIABLE = YES;
				IPHONEOS_DEPLOYMENT_TARGET = 13.6;
				MTL_ENABLE_DEBUG_INFO = INCLUDE_SOURCE;
				MTL_FAST_MATH = YES;
				ONLY_ACTIVE_ARCH = YES;
				SDKROOT = iphoneos;
				SWIFT_ACTIVE_COMPILATION_CONDITIONS = DEBUG;
				SWIFT_OPTIMIZATION_LEVEL = "-Onone";
			};
			name = Debug;
		};
		CFC3FB9224C606B300763C9E /* Release */ = {
			isa = XCBuildConfiguration;
			buildSettings = {
				ALWAYS_SEARCH_USER_PATHS = NO;
				CLANG_ANALYZER_NONNULL = YES;
				CLANG_ANALYZER_NUMBER_OBJECT_CONVERSION = YES_AGGRESSIVE;
				CLANG_CXX_LANGUAGE_STANDARD = "gnu++14";
				CLANG_CXX_LIBRARY = "libc++";
				CLANG_ENABLE_MODULES = YES;
				CLANG_ENABLE_OBJC_ARC = YES;
				CLANG_ENABLE_OBJC_WEAK = YES;
				CLANG_WARN_BLOCK_CAPTURE_AUTORELEASING = YES;
				CLANG_WARN_BOOL_CONVERSION = YES;
				CLANG_WARN_COMMA = YES;
				CLANG_WARN_CONSTANT_CONVERSION = YES;
				CLANG_WARN_DEPRECATED_OBJC_IMPLEMENTATIONS = YES;
				CLANG_WARN_DIRECT_OBJC_ISA_USAGE = YES_ERROR;
				CLANG_WARN_DOCUMENTATION_COMMENTS = YES;
				CLANG_WARN_EMPTY_BODY = YES;
				CLANG_WARN_ENUM_CONVERSION = YES;
				CLANG_WARN_INFINITE_RECURSION = YES;
				CLANG_WARN_INT_CONVERSION = YES;
				CLANG_WARN_NON_LITERAL_NULL_CONVERSION = YES;
				CLANG_WARN_OBJC_IMPLICIT_RETAIN_SELF = YES;
				CLANG_WARN_OBJC_LITERAL_CONVERSION = YES;
				CLANG_WARN_OBJC_ROOT_CLASS = YES_ERROR;
				CLANG_WARN_RANGE_LOOP_ANALYSIS = YES;
				CLANG_WARN_STRICT_PROTOTYPES = YES;
				CLANG_WARN_SUSPICIOUS_MOVE = YES;
				CLANG_WARN_UNGUARDED_AVAILABILITY = YES_AGGRESSIVE;
				CLANG_WARN_UNREACHABLE_CODE = YES;
				CLANG_WARN__DUPLICATE_METHOD_MATCH = YES;
				COPY_PHASE_STRIP = NO;
				DEBUG_INFORMATION_FORMAT = "dwarf-with-dsym";
				ENABLE_NS_ASSERTIONS = NO;
				ENABLE_STRICT_OBJC_MSGSEND = YES;
				GCC_C_LANGUAGE_STANDARD = gnu11;
				GCC_NO_COMMON_BLOCKS = YES;
				GCC_WARN_64_TO_32_BIT_CONVERSION = YES;
				GCC_WARN_ABOUT_RETURN_TYPE = YES_ERROR;
				GCC_WARN_UNDECLARED_SELECTOR = YES;
				GCC_WARN_UNINITIALIZED_AUTOS = YES_AGGRESSIVE;
				GCC_WARN_UNUSED_FUNCTION = YES;
				GCC_WARN_UNUSED_VARIABLE = YES;
				IPHONEOS_DEPLOYMENT_TARGET = 13.6;
				MTL_ENABLE_DEBUG_INFO = NO;
				MTL_FAST_MATH = YES;
				SDKROOT = iphoneos;
				SWIFT_COMPILATION_MODE = wholemodule;
				SWIFT_OPTIMIZATION_LEVEL = "-O";
				VALIDATE_PRODUCT = YES;
			};
			name = Release;
		};
		CFC3FB9424C606B300763C9E /* Debug */ = {
			isa = XCBuildConfiguration;
			buildSettings = {
				ASSETCATALOG_COMPILER_APPICON_NAME = AppIcon;
				CODE_SIGN_STYLE = Automatic;
				DEVELOPMENT_ASSET_PATHS = "\"CICDTest/Preview Content\"";
				DEVELOPMENT_TEAM = TTM8ZJL767;
				ENABLE_PREVIEWS = YES;
				INFOPLIST_FILE = CICDTest/Info.plist;
				IPHONEOS_DEPLOYMENT_TARGET = 13.2;
				LD_RUNPATH_SEARCH_PATHS = (
					"$(inherited)",
					"@executable_path/Frameworks",
				);
				PRODUCT_BUNDLE_IDENTIFIER = com.schelly.CICDTest;
				PRODUCT_NAME = "$(TARGET_NAME)";
				SWIFT_VERSION = 5.0;
				TARGETED_DEVICE_FAMILY = "1,2";
			};
			name = Debug;
		};
		CFC3FB9524C606B300763C9E /* Release */ = {
			isa = XCBuildConfiguration;
			buildSettings = {
				ASSETCATALOG_COMPILER_APPICON_NAME = AppIcon;
				CODE_SIGN_STYLE = Automatic;
				DEVELOPMENT_ASSET_PATHS = "\"CICDTest/Preview Content\"";
				DEVELOPMENT_TEAM = TTM8ZJL767;
				ENABLE_PREVIEWS = YES;
				INFOPLIST_FILE = CICDTest/Info.plist;
				IPHONEOS_DEPLOYMENT_TARGET = 13.2;
				LD_RUNPATH_SEARCH_PATHS = (
					"$(inherited)",
					"@executable_path/Frameworks",
				);
				PRODUCT_BUNDLE_IDENTIFIER = com.schelly.CICDTest;
				PRODUCT_NAME = "$(TARGET_NAME)";
				SWIFT_VERSION = 5.0;
				TARGETED_DEVICE_FAMILY = "1,2";
			};
			name = Release;
		};
		CFC3FB9724C606B300763C9E /* Debug */ = {
			isa = XCBuildConfiguration;
			buildSettings = {
				ALWAYS_EMBED_SWIFT_STANDARD_LIBRARIES = YES;
				BUNDLE_LOADER = "$(TEST_HOST)";
				CODE_SIGN_STYLE = Automatic;
				DEVELOPMENT_TEAM = TTM8ZJL767;
				INFOPLIST_FILE = CICDTestTests/Info.plist;
				IPHONEOS_DEPLOYMENT_TARGET = 13.2;
				LD_RUNPATH_SEARCH_PATHS = (
					"$(inherited)",
					"@executable_path/Frameworks",
					"@loader_path/Frameworks",
				);
				PRODUCT_BUNDLE_IDENTIFIER = com.schelly.CICDTestTests;
				PRODUCT_NAME = "$(TARGET_NAME)";
				SWIFT_VERSION = 5.0;
				TARGETED_DEVICE_FAMILY = "1,2";
				TEST_HOST = "$(BUILT_PRODUCTS_DIR)/CICDTest.app/CICDTest";
			};
			name = Debug;
		};
		CFC3FB9824C606B300763C9E /* Release */ = {
			isa = XCBuildConfiguration;
			buildSettings = {
				ALWAYS_EMBED_SWIFT_STANDARD_LIBRARIES = YES;
				BUNDLE_LOADER = "$(TEST_HOST)";
				CODE_SIGN_STYLE = Automatic;
				DEVELOPMENT_TEAM = TTM8ZJL767;
				INFOPLIST_FILE = CICDTestTests/Info.plist;
				IPHONEOS_DEPLOYMENT_TARGET = 13.2;
				LD_RUNPATH_SEARCH_PATHS = (
					"$(inherited)",
					"@executable_path/Frameworks",
					"@loader_path/Frameworks",
				);
				PRODUCT_BUNDLE_IDENTIFIER = com.schelly.CICDTestTests;
				PRODUCT_NAME = "$(TARGET_NAME)";
				SWIFT_VERSION = 5.0;
				TARGETED_DEVICE_FAMILY = "1,2";
				TEST_HOST = "$(BUILT_PRODUCTS_DIR)/CICDTest.app/CICDTest";
			};
			name = Release;
		};
		CFC3FB9A24C606B300763C9E /* Debug */ = {
			isa = XCBuildConfiguration;
			buildSettings = {
				ALWAYS_EMBED_SWIFT_STANDARD_LIBRARIES = YES;
				CODE_SIGN_STYLE = Automatic;
				DEVELOPMENT_TEAM = TTM8ZJL767;
				INFOPLIST_FILE = CICDTestUITests/Info.plist;
				IPHONEOS_DEPLOYMENT_TARGET = 13.2;
				LD_RUNPATH_SEARCH_PATHS = (
					"$(inherited)",
					"@executable_path/Frameworks",
					"@loader_path/Frameworks",
				);
				PRODUCT_BUNDLE_IDENTIFIER = com.schelly.CICDTestUITests;
				PRODUCT_NAME = "$(TARGET_NAME)";
				SWIFT_VERSION = 5.0;
				TARGETED_DEVICE_FAMILY = "1,2";
				TEST_TARGET_NAME = CICDTest;
			};
			name = Debug;
		};
		CFC3FB9B24C606B300763C9E /* Release */ = {
			isa = XCBuildConfiguration;
			buildSettings = {
				ALWAYS_EMBED_SWIFT_STANDARD_LIBRARIES = YES;
				CODE_SIGN_STYLE = Automatic;
				DEVELOPMENT_TEAM = TTM8ZJL767;
				INFOPLIST_FILE = CICDTestUITests/Info.plist;
				IPHONEOS_DEPLOYMENT_TARGET = 13.2;
				LD_RUNPATH_SEARCH_PATHS = (
					"$(inherited)",
					"@executable_path/Frameworks",
					"@loader_path/Frameworks",
				);
				PRODUCT_BUNDLE_IDENTIFIER = com.schelly.CICDTestUITests;
				PRODUCT_NAME = "$(TARGET_NAME)";
				SWIFT_VERSION = 5.0;
				TARGETED_DEVICE_FAMILY = "1,2";
				TEST_TARGET_NAME = CICDTest;
			};
			name = Release;
		};
/* End XCBuildConfiguration section */

/* Begin XCConfigurationList section */
		CFC3FB6424C606B100763C9E /* Build configuration list for PBXProject "CICDTest" */ = {
			isa = XCConfigurationList;
			buildConfigurations = (
				CFC3FB9124C606B300763C9E /* Debug */,
				CFC3FB9224C606B300763C9E /* Release */,
			);
			defaultConfigurationIsVisible = 0;
			defaultConfigurationName = Release;
		};
		CFC3FB9324C606B300763C9E /* Build configuration list for PBXNativeTarget "CICDTest" */ = {
			isa = XCConfigurationList;
			buildConfigurations = (
				CFC3FB9424C606B300763C9E /* Debug */,
				CFC3FB9524C606B300763C9E /* Release */,
			);
			defaultConfigurationIsVisible = 0;
			defaultConfigurationName = Release;
		};
		CFC3FB9624C606B300763C9E /* Build configuration list for PBXNativeTarget "CICDTestTests" */ = {
			isa = XCConfigurationList;
			buildConfigurations = (
				CFC3FB9724C606B300763C9E /* Debug */,
				CFC3FB9824C606B300763C9E /* Release */,
			);
			defaultConfigurationIsVisible = 0;
			defaultConfigurationName = Release;
		};
		CFC3FB9924C606B300763C9E /* Build configuration list for PBXNativeTarget "CICDTestUITests" */ = {
			isa = XCConfigurationList;
			buildConfigurations = (
				CFC3FB9A24C606B300763C9E /* Debug */,
				CFC3FB9B24C606B300763C9E /* Release */,
			);
			defaultConfigurationIsVisible = 0;
			defaultConfigurationName = Release;
		};
/* End XCConfigurationList section */
	};
	rootObject = CFC3FB6124C606B100763C9E /* Project object */;
}
